
Microsoft Visual Studio Solution File, Format Version 12.00
# Visual Studio Version 17
VisualStudioVersion = 17.4.33122.133
MinimumVisualStudioVersion = 10.0.40219.1
Project("{FAE04EC0-301F-11D3-BF4B-00C04F79EFBC}") = "CollegeNoteApp", "CollegeNoteApp\CollegeNoteApp.csproj", "{D5D083BE-78EB-40D0-AAF2-F2011D65BF82}"
EndProject
Global
	GlobalSection(SolutionConfigurationPlatforms) = preSolution
		Debug|Any CPU = Debug|Any CPU
		Release|Any CPU = Release|Any CPU
	EndGlobalSection
	GlobalSection(ProjectConfigurationPlatforms) = postSolution
		{D5D083BE-78EB-40D0-AAF2-F2011D65BF82}.Debug|Any CPU.ActiveCfg = Debug|Any CPU
		{D5D083BE-78EB-40D0-AAF2-F2011D65BF82}.Debug|Any CPU.Build.0 = Debug|Any CPU
		{D5D083BE-78EB-40D0-AAF2-F2011D65BF82}.Release|Any CPU.ActiveCfg = Release|Any CPU
		{D5D083BE-78EB-40D0-AAF2-F2011D65BF82}.Release|Any CPU.Build.0 = Release|Any CPU
	EndGlobalSection
	GlobalSection(SolutionProperties) = preSolution
		HideSolutionNode = FALSE
	EndGlobalSection
	GlobalSection(ExtensibilityGlobals) = postSolution
		SolutionGuid = {C5FD5BBF-D49D-4540-A84E-AB584B6F29E5}
	EndGlobalSection
EndGlobal
